// !$*UTF8*$!
{
	archiveVersion = 1;
	classes = {
	};
	objectVersion = 56;
	objects = {

/* Begin PBXBuildFile section */
		1521E8FC2986DB6D00CBCD52 /* AppDelegate.swift in Sources */ = {isa = PBXBuildFile; fileRef = 1521E8FB2986DB6D00CBCD52 /* AppDelegate.swift */; };
		1521E8FE2986DB6D00CBCD52 /* SceneDelegate.swift in Sources */ = {isa = PBXBuildFile; fileRef = 1521E8FD2986DB6D00CBCD52 /* SceneDelegate.swift */; };
		1521E9002986DB6D00CBCD52 /* ConversationViewController.swift in Sources */ = {isa = PBXBuildFile; fileRef = 1521E8FF2986DB6D00CBCD52 /* ConversationViewController.swift */; };
		1521E9032986DB6D00CBCD52 /* Main.storyboard in Resources */ = {isa = PBXBuildFile; fileRef = 1521E9012986DB6D00CBCD52 /* Main.storyboard */; };
		1521E9052986DB6F00CBCD52 /* Assets.xcassets in Resources */ = {isa = PBXBuildFile; fileRef = 1521E9042986DB6F00CBCD52 /* Assets.xcassets */; };
		1521E9082986DB6F00CBCD52 /* LaunchScreen.storyboard in Resources */ = {isa = PBXBuildFile; fileRef = 1521E9062986DB6F00CBCD52 /* LaunchScreen.storyboard */; };
		1521E9132986DB6F00CBCD52 /* MyiOSMessergerTests.swift in Sources */ = {isa = PBXBuildFile; fileRef = 1521E9122986DB6F00CBCD52 /* MyiOSMessergerTests.swift */; };
		1521E91D2986DB6F00CBCD52 /* MyiOSMessergerUITests.swift in Sources */ = {isa = PBXBuildFile; fileRef = 1521E91C2986DB6F00CBCD52 /* MyiOSMessergerUITests.swift */; };
		1521E91F2986DB6F00CBCD52 /* MyiOSMessergerUITestsLaunchTests.swift in Sources */ = {isa = PBXBuildFile; fileRef = 1521E91E2986DB6F00CBCD52 /* MyiOSMessergerUITestsLaunchTests.swift */; };
		1521E9322986E8FD00CBCD52 /* LoginViewController.swift in Sources */ = {isa = PBXBuildFile; fileRef = 1521E9312986E8FD00CBCD52 /* LoginViewController.swift */; };
		1521E9342986E92F00CBCD52 /* RegisterViewController.swift in Sources */ = {isa = PBXBuildFile; fileRef = 1521E9332986E92F00CBCD52 /* RegisterViewController.swift */; };
		1521E9362986E95800CBCD52 /* PhotoViewerViewController.swift in Sources */ = {isa = PBXBuildFile; fileRef = 1521E9352986E95800CBCD52 /* PhotoViewerViewController.swift */; };
		1521E9382986E97600CBCD52 /* VideoPlayerViewController.swift in Sources */ = {isa = PBXBuildFile; fileRef = 1521E9372986E97600CBCD52 /* VideoPlayerViewController.swift */; };
		1521E93A2986E9AE00CBCD52 /* NewConversationViewController.swift in Sources */ = {isa = PBXBuildFile; fileRef = 1521E9392986E9AE00CBCD52 /* NewConversationViewController.swift */; };
		1521E93C2986E9DF00CBCD52 /* ProfileViewController.swift in Sources */ = {isa = PBXBuildFile; fileRef = 1521E93B2986E9DF00CBCD52 /* ProfileViewController.swift */; };
		1521E9402986FCAC00CBCD52 /* Extensions.swift in Sources */ = {isa = PBXBuildFile; fileRef = 1521E93F2986FCAC00CBCD52 /* Extensions.swift */; };
/* End PBXBuildFile section */

/* Begin PBXContainerItemProxy section */
		1521E90F2986DB6F00CBCD52 /* PBXContainerItemProxy */ = {
			isa = PBXContainerItemProxy;
			containerPortal = 1521E8F02986DB6D00CBCD52 /* Project object */;
			proxyType = 1;
			remoteGlobalIDString = 1521E8F72986DB6D00CBCD52;
			remoteInfo = MyiOSMesserger;
		};
		1521E9192986DB6F00CBCD52 /* PBXContainerItemProxy */ = {
			isa = PBXContainerItemProxy;
			containerPortal = 1521E8F02986DB6D00CBCD52 /* Project object */;
			proxyType = 1;
			remoteGlobalIDString = 1521E8F72986DB6D00CBCD52;
			remoteInfo = MyiOSMesserger;
		};
/* End PBXContainerItemProxy section */

/* Begin PBXFileReference section */
		1521E8F82986DB6D00CBCD52 /* MyiOSMesserger.app */ = {isa = PBXFileReference; explicitFileType = wrapper.application; includeInIndex = 0; path = MyiOSMesserger.app; sourceTree = BUILT_PRODUCTS_DIR; };
		1521E8FB2986DB6D00CBCD52 /* AppDelegate.swift */ = {isa = PBXFileReference; lastKnownFileType = sourcecode.swift; path = AppDelegate.swift; sourceTree = "<group>"; };
		1521E8FD2986DB6D00CBCD52 /* SceneDelegate.swift */ = {isa = PBXFileReference; lastKnownFileType = sourcecode.swift; path = SceneDelegate.swift; sourceTree = "<group>"; };
		1521E8FF2986DB6D00CBCD52 /* ConversationViewController.swift */ = {isa = PBXFileReference; lastKnownFileType = sourcecode.swift; path = ConversationViewController.swift; sourceTree = "<group>"; };
		1521E9022986DB6D00CBCD52 /* Base */ = {isa = PBXFileReference; lastKnownFileType = file.storyboard; name = Base; path = Base.lproj/Main.storyboard; sourceTree = "<group>"; };
		1521E9042986DB6F00CBCD52 /* Assets.xcassets */ = {isa = PBXFileReference; lastKnownFileType = folder.assetcatalog; path = Assets.xcassets; sourceTree = "<group>"; };
		1521E9072986DB6F00CBCD52 /* Base */ = {isa = PBXFileReference; lastKnownFileType = file.storyboard; name = Base; path = Base.lproj/LaunchScreen.storyboard; sourceTree = "<group>"; };
		1521E9092986DB6F00CBCD52 /* Info.plist */ = {isa = PBXFileReference; lastKnownFileType = text.plist.xml; path = Info.plist; sourceTree = "<group>"; };
		1521E90E2986DB6F00CBCD52 /* MyiOSMessergerTests.xctest */ = {isa = PBXFileReference; explicitFileType = wrapper.cfbundle; includeInIndex = 0; path = MyiOSMessergerTests.xctest; sourceTree = BUILT_PRODUCTS_DIR; };
		1521E9122986DB6F00CBCD52 /* MyiOSMessergerTests.swift */ = {isa = PBXFileReference; lastKnownFileType = sourcecode.swift; path = MyiOSMessergerTests.swift; sourceTree = "<group>"; };
		1521E9182986DB6F00CBCD52 /* MyiOSMessergerUITests.xctest */ = {isa = PBXFileReference; explicitFileType = wrapper.cfbundle; includeInIndex = 0; path = MyiOSMessergerUITests.xctest; sourceTree = BUILT_PRODUCTS_DIR; };
		1521E91C2986DB6F00CBCD52 /* MyiOSMessergerUITests.swift */ = {isa = PBXFileReference; lastKnownFileType = sourcecode.swift; path = MyiOSMessergerUITests.swift; sourceTree = "<group>"; };
		1521E91E2986DB6F00CBCD52 /* MyiOSMessergerUITestsLaunchTests.swift */ = {isa = PBXFileReference; lastKnownFileType = sourcecode.swift; path = MyiOSMessergerUITestsLaunchTests.swift; sourceTree = "<group>"; };
		1521E9312986E8FD00CBCD52 /* LoginViewController.swift */ = {isa = PBXFileReference; lastKnownFileType = sourcecode.swift; path = LoginViewController.swift; sourceTree = "<group>"; };
		1521E9332986E92F00CBCD52 /* RegisterViewController.swift */ = {isa = PBXFileReference; lastKnownFileType = sourcecode.swift; path = RegisterViewController.swift; sourceTree = "<group>"; };
		1521E9352986E95800CBCD52 /* PhotoViewerViewController.swift */ = {isa = PBXFileReference; lastKnownFileType = sourcecode.swift; path = PhotoViewerViewController.swift; sourceTree = "<group>"; };
		1521E9372986E97600CBCD52 /* VideoPlayerViewController.swift */ = {isa = PBXFileReference; lastKnownFileType = sourcecode.swift; path = VideoPlayerViewController.swift; sourceTree = "<group>"; };
		1521E9392986E9AE00CBCD52 /* NewConversationViewController.swift */ = {isa = PBXFileReference; lastKnownFileType = sourcecode.swift; path = NewConversationViewController.swift; sourceTree = "<group>"; };
		1521E93B2986E9DF00CBCD52 /* ProfileViewController.swift */ = {isa = PBXFileReference; lastKnownFileType = sourcecode.swift; path = ProfileViewController.swift; sourceTree = "<group>"; };
		1521E93F2986FCAC00CBCD52 /* Extensions.swift */ = {isa = PBXFileReference; lastKnownFileType = sourcecode.swift; path = Extensions.swift; sourceTree = "<group>"; };
/* End PBXFileReference section */

/* Begin PBXFrameworksBuildPhase section */
		1521E8F52986DB6D00CBCD52 /* Frameworks */ = {
			isa = PBXFrameworksBuildPhase;
			buildActionMask = 2147483647;
			files = (
			);
			runOnlyForDeploymentPostprocessing = 0;
		};
		1521E90B2986DB6F00CBCD52 /* Frameworks */ = {
			isa = PBXFrameworksBuildPhase;
			buildActionMask = 2147483647;
			files = (
			);
			runOnlyForDeploymentPostprocessing = 0;
		};
		1521E9152986DB6F00CBCD52 /* Frameworks */ = {
			isa = PBXFrameworksBuildPhase;
			buildActionMask = 2147483647;
			files = (
			);
			runOnlyForDeploymentPostprocessing = 0;
		};
/* End PBXFrameworksBuildPhase section */

/* Begin PBXGroup section */
		1521E8EF2986DB6D00CBCD52 = {
			isa = PBXGroup;
			children = (
				1521E8FA2986DB6D00CBCD52 /* MyiOSMesserger */,
				1521E9112986DB6F00CBCD52 /* MyiOSMessergerTests */,
				1521E91B2986DB6F00CBCD52 /* MyiOSMessergerUITests */,
				1521E8F92986DB6D00CBCD52 /* Products */,
			);
			sourceTree = "<group>";
		};
		1521E8F92986DB6D00CBCD52 /* Products */ = {
			isa = PBXGroup;
			children = (
				1521E8F82986DB6D00CBCD52 /* MyiOSMesserger.app */,
				1521E90E2986DB6F00CBCD52 /* MyiOSMessergerTests.xctest */,
				1521E9182986DB6F00CBCD52 /* MyiOSMessergerUITests.xctest */,
			);
			name = Products;
			sourceTree = "<group>";
		};
		1521E8FA2986DB6D00CBCD52 /* MyiOSMesserger */ = {
			isa = PBXGroup;
			children = (
				1521E92F2986E5FC00CBCD52 /* Resources */,
				1521E92E2986E5D800CBCD52 /* ViewModels */,
				1521E92D2986E5B500CBCD52 /* Models */,
				1521E92C2986E5A800CBCD52 /* Views */,
				1521E92B2986E59800CBCD52 /* Controllers */,
				1521E9092986DB6F00CBCD52 /* Info.plist */,
			);
			path = MyiOSMesserger;
			sourceTree = "<group>";
		};
		1521E9112986DB6F00CBCD52 /* MyiOSMessergerTests */ = {
			isa = PBXGroup;
			children = (
				1521E9122986DB6F00CBCD52 /* MyiOSMessergerTests.swift */,
			);
			path = MyiOSMessergerTests;
			sourceTree = "<group>";
		};
		1521E91B2986DB6F00CBCD52 /* MyiOSMessergerUITests */ = {
			isa = PBXGroup;
			children = (
				1521E91C2986DB6F00CBCD52 /* MyiOSMessergerUITests.swift */,
				1521E91E2986DB6F00CBCD52 /* MyiOSMessergerUITestsLaunchTests.swift */,
			);
			path = MyiOSMessergerUITests;
			sourceTree = "<group>";
		};
		1521E92B2986E59800CBCD52 /* Controllers */ = {
			isa = PBXGroup;
			children = (
				1521E8FF2986DB6D00CBCD52 /* ConversationViewController.swift */,
				1521E93E2986F38A00CBCD52 /* Login */,
				1521E9352986E95800CBCD52 /* PhotoViewerViewController.swift */,
				1521E9372986E97600CBCD52 /* VideoPlayerViewController.swift */,
				1521E9392986E9AE00CBCD52 /* NewConversationViewController.swift */,
				1521E93B2986E9DF00CBCD52 /* ProfileViewController.swift */,
			);
			path = Controllers;
			sourceTree = "<group>";
		};
		1521E92C2986E5A800CBCD52 /* Views */ = {
			isa = PBXGroup;
			children = (
				1521E9302986E69300CBCD52 /* Storyboards */,
				1521E9042986DB6F00CBCD52 /* Assets.xcassets */,
			);
			path = Views;
			sourceTree = "<group>";
		};
		1521E92D2986E5B500CBCD52 /* Models */ = {
			isa = PBXGroup;
			children = (
			);
			path = Models;
			sourceTree = "<group>";
		};
		1521E92E2986E5D800CBCD52 /* ViewModels */ = {
			isa = PBXGroup;
			children = (
			);
			path = ViewModels;
			sourceTree = "<group>";
		};
		1521E92F2986E5FC00CBCD52 /* Resources */ = {
			isa = PBXGroup;
			children = (
				1521E8FB2986DB6D00CBCD52 /* AppDelegate.swift */,
				1521E8FD2986DB6D00CBCD52 /* SceneDelegate.swift */,
				1521E93F2986FCAC00CBCD52 /* Extensions.swift */,
			);
			path = Resources;
			sourceTree = "<group>";
		};
		1521E9302986E69300CBCD52 /* Storyboards */ = {
			isa = PBXGroup;
			children = (
				1521E9012986DB6D00CBCD52 /* Main.storyboard */,
				1521E9062986DB6F00CBCD52 /* LaunchScreen.storyboard */,
			);
			path = Storyboards;
			sourceTree = "<group>";
		};
		1521E93E2986F38A00CBCD52 /* Login */ = {
			isa = PBXGroup;
			children = (
				1521E9312986E8FD00CBCD52 /* LoginViewController.swift */,
				1521E9332986E92F00CBCD52 /* RegisterViewController.swift */,
			);
			path = Login;
			sourceTree = "<group>";
		};
/* End PBXGroup section */

/* Begin PBXNativeTarget section */
		1521E8F72986DB6D00CBCD52 /* MyiOSMesserger */ = {
			isa = PBXNativeTarget;
			buildConfigurationList = 1521E9222986DB6F00CBCD52 /* Build configuration list for PBXNativeTarget "MyiOSMesserger" */;
			buildPhases = (
				1521E8F42986DB6D00CBCD52 /* Sources */,
				1521E8F52986DB6D00CBCD52 /* Frameworks */,
				1521E8F62986DB6D00CBCD52 /* Resources */,
			);
			buildRules = (
			);
			dependencies = (
			);
			name = MyiOSMesserger;
			productName = MyiOSMesserger;
			productReference = 1521E8F82986DB6D00CBCD52 /* MyiOSMesserger.app */;
			productType = "com.apple.product-type.application";
		};
		1521E90D2986DB6F00CBCD52 /* MyiOSMessergerTests */ = {
			isa = PBXNativeTarget;
			buildConfigurationList = 1521E9252986DB6F00CBCD52 /* Build configuration list for PBXNativeTarget "MyiOSMessergerTests" */;
			buildPhases = (
				1521E90A2986DB6F00CBCD52 /* Sources */,
				1521E90B2986DB6F00CBCD52 /* Frameworks */,
				1521E90C2986DB6F00CBCD52 /* Resources */,
			);
			buildRules = (
			);
			dependencies = (
				1521E9102986DB6F00CBCD52 /* PBXTargetDependency */,
			);
			name = MyiOSMessergerTests;
			productName = MyiOSMessergerTests;
			productReference = 1521E90E2986DB6F00CBCD52 /* MyiOSMessergerTests.xctest */;
			productType = "com.apple.product-type.bundle.unit-test";
		};
		1521E9172986DB6F00CBCD52 /* MyiOSMessergerUITests */ = {
			isa = PBXNativeTarget;
			buildConfigurationList = 1521E9282986DB6F00CBCD52 /* Build configuration list for PBXNativeTarget "MyiOSMessergerUITests" */;
			buildPhases = (
				1521E9142986DB6F00CBCD52 /* Sources */,
				1521E9152986DB6F00CBCD52 /* Frameworks */,
				1521E9162986DB6F00CBCD52 /* Resources */,
			);
			buildRules = (
			);
			dependencies = (
				1521E91A2986DB6F00CBCD52 /* PBXTargetDependency */,
			);
			name = MyiOSMessergerUITests;
			productName = MyiOSMessergerUITests;
			productReference = 1521E9182986DB6F00CBCD52 /* MyiOSMessergerUITests.xctest */;
			productType = "com.apple.product-type.bundle.ui-testing";
		};
/* End PBXNativeTarget section */

/* Begin PBXProject section */
		1521E8F02986DB6D00CBCD52 /* Project object */ = {
			isa = PBXProject;
			attributes = {
				BuildIndependentTargetsInParallel = 1;
				LastSwiftUpdateCheck = 1420;
				LastUpgradeCheck = 1420;
				TargetAttributes = {
					1521E8F72986DB6D00CBCD52 = {
						CreatedOnToolsVersion = 14.2;
					};
					1521E90D2986DB6F00CBCD52 = {
						CreatedOnToolsVersion = 14.2;
						TestTargetID = 1521E8F72986DB6D00CBCD52;
					};
					1521E9172986DB6F00CBCD52 = {
						CreatedOnToolsVersion = 14.2;
						TestTargetID = 1521E8F72986DB6D00CBCD52;
					};
				};
			};
			buildConfigurationList = 1521E8F32986DB6D00CBCD52 /* Build configuration list for PBXProject "MyiOSMesserger" */;
			compatibilityVersion = "Xcode 14.0";
			developmentRegion = en;
			hasScannedForEncodings = 0;
			knownRegions = (
				en,
				Base,
			);
			mainGroup = 1521E8EF2986DB6D00CBCD52;
			productRefGroup = 1521E8F92986DB6D00CBCD52 /* Products */;
			projectDirPath = "";
			projectRoot = "";
			targets = (
				1521E8F72986DB6D00CBCD52 /* MyiOSMesserger */,
				1521E90D2986DB6F00CBCD52 /* MyiOSMessergerTests */,
				1521E9172986DB6F00CBCD52 /* MyiOSMessergerUITests */,
			);
		};
/* End PBXProject section */

/* Begin PBXResourcesBuildPhase section */
		1521E8F62986DB6D00CBCD52 /* Resources */ = {
			isa = PBXResourcesBuildPhase;
			buildActionMask = 2147483647;
			files = (
				1521E9082986DB6F00CBCD52 /* LaunchScreen.storyboard in Resources */,
				1521E9052986DB6F00CBCD52 /* Assets.xcassets in Resources */,
				1521E9032986DB6D00CBCD52 /* Main.storyboard in Resources */,
			);
			runOnlyForDeploymentPostprocessing = 0;
		};
		1521E90C2986DB6F00CBCD52 /* Resources */ = {
			isa = PBXResourcesBuildPhase;
			buildActionMask = 2147483647;
			files = (
			);
			runOnlyForDeploymentPostprocessing = 0;
		};
		1521E9162986DB6F00CBCD52 /* Resources */ = {
			isa = PBXResourcesBuildPhase;
			buildActionMask = 2147483647;
			files = (
			);
			runOnlyForDeploymentPostprocessing = 0;
		};
/* End PBXResourcesBuildPhase section */

/* Begin PBXSourcesBuildPhase section */
		1521E8F42986DB6D00CBCD52 /* Sources */ = {
			isa = PBXSourcesBuildPhase;
			buildActionMask = 2147483647;
			files = (
				1521E9322986E8FD00CBCD52 /* LoginViewController.swift in Sources */,
				1521E9342986E92F00CBCD52 /* RegisterViewController.swift in Sources */,
				1521E93A2986E9AE00CBCD52 /* NewConversationViewController.swift in Sources */,
				1521E9002986DB6D00CBCD52 /* ConversationViewController.swift in Sources */,
				1521E9382986E97600CBCD52 /* VideoPlayerViewController.swift in Sources */,
				1521E9402986FCAC00CBCD52 /* Extensions.swift in Sources */,
				1521E8FC2986DB6D00CBCD52 /* AppDelegate.swift in Sources */,
				1521E93C2986E9DF00CBCD52 /* ProfileViewController.swift in Sources */,
				1521E8FE2986DB6D00CBCD52 /* SceneDelegate.swift in Sources */,
				1521E9362986E95800CBCD52 /* PhotoViewerViewController.swift in Sources */,
			);
			runOnlyForDeploymentPostprocessing = 0;
		};
		1521E90A2986DB6F00CBCD52 /* Sources */ = {
			isa = PBXSourcesBuildPhase;
			buildActionMask = 2147483647;
			files = (
				1521E9132986DB6F00CBCD52 /* MyiOSMessergerTests.swift in Sources */,
			);
			runOnlyForDeploymentPostprocessing = 0;
		};
		1521E9142986DB6F00CBCD52 /* Sources */ = {
			isa = PBXSourcesBuildPhase;
			buildActionMask = 2147483647;
			files = (
				1521E91F2986DB6F00CBCD52 /* MyiOSMessergerUITestsLaunchTests.swift in Sources */,
				1521E91D2986DB6F00CBCD52 /* MyiOSMessergerUITests.swift in Sources */,
			);
			runOnlyForDeploymentPostprocessing = 0;
		};
/* End PBXSourcesBuildPhase section */

/* Begin PBXTargetDependency section */
		1521E9102986DB6F00CBCD52 /* PBXTargetDependency */ = {
			isa = PBXTargetDependency;
			target = 1521E8F72986DB6D00CBCD52 /* MyiOSMesserger */;
			targetProxy = 1521E90F2986DB6F00CBCD52 /* PBXContainerItemProxy */;
		};
		1521E91A2986DB6F00CBCD52 /* PBXTargetDependency */ = {
			isa = PBXTargetDependency;
			target = 1521E8F72986DB6D00CBCD52 /* MyiOSMesserger */;
			targetProxy = 1521E9192986DB6F00CBCD52 /* PBXContainerItemProxy */;
		};
/* End PBXTargetDependency section */

/* Begin PBXVariantGroup section */
		1521E9012986DB6D00CBCD52 /* Main.storyboard */ = {
			isa = PBXVariantGroup;
			children = (
				1521E9022986DB6D00CBCD52 /* Base */,
			);
			name = Main.storyboard;
			sourceTree = "<group>";
		};
		1521E9062986DB6F00CBCD52 /* LaunchScreen.storyboard */ = {
			isa = PBXVariantGroup;
			children = (
				1521E9072986DB6F00CBCD52 /* Base */,
			);
			name = LaunchScreen.storyboard;
			sourceTree = "<group>";
		};
/* End PBXVariantGroup section */

/* Begin XCBuildConfiguration section */
		1521E9202986DB6F00CBCD52 /* Debug */ = {
			isa = XCBuildConfiguration;
			buildSettings = {
				ALWAYS_SEARCH_USER_PATHS = NO;
				CLANG_ANALYZER_NONNULL = YES;
				CLANG_ANALYZER_NUMBER_OBJECT_CONVERSION = YES_AGGRESSIVE;
				CLANG_CXX_LANGUAGE_STANDARD = "gnu++20";
				CLANG_ENABLE_MODULES = YES;
				CLANG_ENABLE_OBJC_ARC = YES;
				CLANG_ENABLE_OBJC_WEAK = YES;
				CLANG_WARN_BLOCK_CAPTURE_AUTORELEASING = YES;
				CLANG_WARN_BOOL_CONVERSION = YES;
				CLANG_WARN_COMMA = YES;
				CLANG_WARN_CONSTANT_CONVERSION = YES;
				CLANG_WARN_DEPRECATED_OBJC_IMPLEMENTATIONS = YES;
				CLANG_WARN_DIRECT_OBJC_ISA_USAGE = YES_ERROR;
				CLANG_WARN_DOCUMENTATION_COMMENTS = YES;
				CLANG_WARN_EMPTY_BODY = YES;
				CLANG_WARN_ENUM_CONVERSION = YES;
				CLANG_WARN_INFINITE_RECURSION = YES;
				CLANG_WARN_INT_CONVERSION = YES;
				CLANG_WARN_NON_LITERAL_NULL_CONVERSION = YES;
				CLANG_WARN_OBJC_IMPLICIT_RETAIN_SELF = YES;
				CLANG_WARN_OBJC_LITERAL_CONVERSION = YES;
				CLANG_WARN_OBJC_ROOT_CLASS = YES_ERROR;
				CLANG_WARN_QUOTED_INCLUDE_IN_FRAMEWORK_HEADER = YES;
				CLANG_WARN_RANGE_LOOP_ANALYSIS = YES;
				CLANG_WARN_STRICT_PROTOTYPES = YES;
				CLANG_WARN_SUSPICIOUS_MOVE = YES;
				CLANG_WARN_UNGUARDED_AVAILABILITY = YES_AGGRESSIVE;
				CLANG_WARN_UNREACHABLE_CODE = YES;
				CLANG_WARN__DUPLICATE_METHOD_MATCH = YES;
				COPY_PHASE_STRIP = NO;
				DEBUG_INFORMATION_FORMAT = dwarf;
				ENABLE_STRICT_OBJC_MSGSEND = YES;
				ENABLE_TESTABILITY = YES;
				GCC_C_LANGUAGE_STANDARD = gnu11;
				GCC_DYNAMIC_NO_PIC = NO;
				GCC_NO_COMMON_BLOCKS = YES;
				GCC_OPTIMIZATION_LEVEL = 0;
				GCC_PREPROCESSOR_DEFINITIONS = (
					"DEBUG=1",
					"$(inherited)",
				);
				GCC_WARN_64_TO_32_BIT_CONVERSION = YES;
				GCC_WARN_ABOUT_RETURN_TYPE = YES_ERROR;
				GCC_WARN_UNDECLARED_SELECTOR = YES;
				GCC_WARN_UNINITIALIZED_AUTOS = YES_AGGRESSIVE;
				GCC_WARN_UNUSED_FUNCTION = YES;
				GCC_WARN_UNUSED_VARIABLE = YES;
				IPHONEOS_DEPLOYMENT_TARGET = 16.2;
				MTL_ENABLE_DEBUG_INFO = INCLUDE_SOURCE;
				MTL_FAST_MATH = YES;
				ONLY_ACTIVE_ARCH = YES;
				SDKROOT = iphoneos;
				SWIFT_ACTIVE_COMPILATION_CONDITIONS = DEBUG;
				SWIFT_OPTIMIZATION_LEVEL = "-Onone";
			};
			name = Debug;
		};
		1521E9212986DB6F00CBCD52 /* Release */ = {
			isa = XCBuildConfiguration;
			buildSettings = {
				ALWAYS_SEARCH_USER_PATHS = NO;
				CLANG_ANALYZER_NONNULL = YES;
				CLANG_ANALYZER_NUMBER_OBJECT_CONVERSION = YES_AGGRESSIVE;
				CLANG_CXX_LANGUAGE_STANDARD = "gnu++20";
				CLANG_ENABLE_MODULES = YES;
				CLANG_ENABLE_OBJC_ARC = YES;
				CLANG_ENABLE_OBJC_WEAK = YES;
				CLANG_WARN_BLOCK_CAPTURE_AUTORELEASING = YES;
				CLANG_WARN_BOOL_CONVERSION = YES;
				CLANG_WARN_COMMA = YES;
				CLANG_WARN_CONSTANT_CONVERSION = YES;
				CLANG_WARN_DEPRECATED_OBJC_IMPLEMENTATIONS = YES;
				CLANG_WARN_DIRECT_OBJC_ISA_USAGE = YES_ERROR;
				CLANG_WARN_DOCUMENTATION_COMMENTS = YES;
				CLANG_WARN_EMPTY_BODY = YES;
				CLANG_WARN_ENUM_CONVERSION = YES;
				CLANG_WARN_INFINITE_RECURSION = YES;
				CLANG_WARN_INT_CONVERSION = YES;
				CLANG_WARN_NON_LITERAL_NULL_CONVERSION = YES;
				CLANG_WARN_OBJC_IMPLICIT_RETAIN_SELF = YES;
				CLANG_WARN_OBJC_LITERAL_CONVERSION = YES;
				CLANG_WARN_OBJC_ROOT_CLASS = YES_ERROR;
				CLANG_WARN_QUOTED_INCLUDE_IN_FRAMEWORK_HEADER = YES;
				CLANG_WARN_RANGE_LOOP_ANALYSIS = YES;
				CLANG_WARN_STRICT_PROTOTYPES = YES;
				CLANG_WARN_SUSPICIOUS_MOVE = YES;
				CLANG_WARN_UNGUARDED_AVAILABILITY = YES_AGGRESSIVE;
				CLANG_WARN_UNREACHABLE_CODE = YES;
				CLANG_WARN__DUPLICATE_METHOD_MATCH = YES;
				COPY_PHASE_STRIP = NO;
				DEBUG_INFORMATION_FORMAT = "dwarf-with-dsym";
				ENABLE_NS_ASSERTIONS = NO;
				ENABLE_STRICT_OBJC_MSGSEND = YES;
				GCC_C_LANGUAGE_STANDARD = gnu11;
				GCC_NO_COMMON_BLOCKS = YES;
				GCC_WARN_64_TO_32_BIT_CONVERSION = YES;
				GCC_WARN_ABOUT_RETURN_TYPE = YES_ERROR;
				GCC_WARN_UNDECLARED_SELECTOR = YES;
				GCC_WARN_UNINITIALIZED_AUTOS = YES_AGGRESSIVE;
				GCC_WARN_UNUSED_FUNCTION = YES;
				GCC_WARN_UNUSED_VARIABLE = YES;
				IPHONEOS_DEPLOYMENT_TARGET = 16.2;
				MTL_ENABLE_DEBUG_INFO = NO;
				MTL_FAST_MATH = YES;
				SDKROOT = iphoneos;
				SWIFT_COMPILATION_MODE = wholemodule;
				SWIFT_OPTIMIZATION_LEVEL = "-O";
				VALIDATE_PRODUCT = YES;
			};
			name = Release;
		};
		1521E9232986DB6F00CBCD52 /* Debug */ = {
			isa = XCBuildConfiguration;
			buildSettings = {
				ASSETCATALOG_COMPILER_APPICON_NAME = AppIcon;
				ASSETCATALOG_COMPILER_GLOBAL_ACCENT_COLOR_NAME = AccentColor;
				CODE_SIGN_IDENTITY = "Apple Development";
				CODE_SIGN_STYLE = Automatic;
				CURRENT_PROJECT_VERSION = 1;
				DEVELOPMENT_TEAM = M426K645Y9;
				GENERATE_INFOPLIST_FILE = YES;
				INFOPLIST_FILE = MyiOSMesserger/Info.plist;
				INFOPLIST_KEY_NSCameraUsageDescription = "Please allow access to take a profile picture";
				INFOPLIST_KEY_NSPhotoLibraryUsageDescription = "Please allow access to select a photo for your profile picture";
				INFOPLIST_KEY_UIApplicationSupportsIndirectInputEvents = YES;
				INFOPLIST_KEY_UILaunchStoryboardName = LaunchScreen;
				INFOPLIST_KEY_UIMainStoryboardFile = Main;
				INFOPLIST_KEY_UISupportedInterfaceOrientations = UIInterfaceOrientationPortrait;
				LD_RUNPATH_SEARCH_PATHS = (
					"$(inherited)",
					"@executable_path/Frameworks",
				);
				MARKETING_VERSION = 1.0;
				PRODUCT_BUNDLE_IDENTIFIER = com.zaman.MyiOSMesserger;
				PRODUCT_NAME = "$(TARGET_NAME)";
				PROVISIONING_PROFILE_SPECIFIER = "";
				SUPPORTED_PLATFORMS = "iphoneos iphonesimulator";
				SUPPORTS_MACCATALYST = NO;
				SUPPORTS_MAC_DESIGNED_FOR_IPHONE_IPAD = NO;
				SWIFT_EMIT_LOC_STRINGS = YES;
				SWIFT_VERSION = 5.0;
				TARGETED_DEVICE_FAMILY = "1,2";
			};
			name = Debug;
		};
		1521E9242986DB6F00CBCD52 /* Release */ = {
			isa = XCBuildConfiguration;
			buildSettings = {
				ASSETCATALOG_COMPILER_APPICON_NAME = AppIcon;
				ASSETCATALOG_COMPILER_GLOBAL_ACCENT_COLOR_NAME = AccentColor;
				CODE_SIGN_IDENTITY = "Apple Development";
				CODE_SIGN_STYLE = Automatic;
				CURRENT_PROJECT_VERSION = 1;
				DEVELOPMENT_TEAM = "";
				GENERATE_INFOPLIST_FILE = YES;
				INFOPLIST_FILE = MyiOSMesserger/Info.plist;
				INFOPLIST_KEY_NSCameraUsageDescription = "Please allow access to take a profile picture";
				INFOPLIST_KEY_NSPhotoLibraryUsageDescription = "Please allow access to select a photo for your profile picture";
				INFOPLIST_KEY_UIApplicationSupportsIndirectInputEvents = YES;
				INFOPLIST_KEY_UILaunchStoryboardName = LaunchScreen;
				INFOPLIST_KEY_UIMainStoryboardFile = Main;
				INFOPLIST_KEY_UISupportedInterfaceOrientations = UIInterfaceOrientationPortrait;
				LD_RUNPATH_SEARCH_PATHS = (
					"$(inherited)",
					"@executable_path/Frameworks",
				);
				MARKETING_VERSION = 1.0;
				PRODUCT_BUNDLE_IDENTIFIER = com.zaman.MyiOSMesserger;
				PRODUCT_NAME = "$(TARGET_NAME)";
				PROVISIONING_PROFILE_SPECIFIER = "";
				SUPPORTED_PLATFORMS = "iphoneos iphonesimulator";
				SUPPORTS_MACCATALYST = NO;
				SUPPORTS_MAC_DESIGNED_FOR_IPHONE_IPAD = NO;
				SWIFT_EMIT_LOC_STRINGS = YES;
				SWIFT_VERSION = 5.0;
				TARGETED_DEVICE_FAMILY = "1,2";
			};
			name = Release;
		};
		1521E9262986DB6F00CBCD52 /* Debug */ = {
			isa = XCBuildConfiguration;
			buildSettings = {
				ALWAYS_EMBED_SWIFT_STANDARD_LIBRARIES = YES;
				BUNDLE_LOADER = "$(TEST_HOST)";
				CODE_SIGN_STYLE = Automatic;
				CURRENT_PROJECT_VERSION = 1;
				GENERATE_INFOPLIST_FILE = YES;
				IPHONEOS_DEPLOYMENT_TARGET = 16.2;
				MARKETING_VERSION = 1.0;
				PRODUCT_BUNDLE_IDENTIFIER = com.zaman.MyiOSMessergerTests;
				PRODUCT_NAME = "$(TARGET_NAME)";
				SWIFT_EMIT_LOC_STRINGS = NO;
				SWIFT_VERSION = 5.0;
				TARGETED_DEVICE_FAMILY = "1,2";
				TEST_HOST = "$(BUILT_PRODUCTS_DIR)/MyiOSMesserger.app/$(BUNDLE_EXECUTABLE_FOLDER_PATH)/MyiOSMesserger";
			};
			name = Debug;
		};
		1521E9272986DB6F00CBCD52 /* Release */ = {
			isa = XCBuildConfiguration;
			buildSettings = {
				ALWAYS_EMBED_SWIFT_STANDARD_LIBRARIES = YES;
				BUNDLE_LOADER = "$(TEST_HOST)";
				CODE_SIGN_STYLE = Automatic;
				CURRENT_PROJECT_VERSION = 1;
				GENERATE_INFOPLIST_FILE = YES;
				IPHONEOS_DEPLOYMENT_TARGET = 16.2;
				MARKETING_VERSION = 1.0;
				PRODUCT_BUNDLE_IDENTIFIER = com.zaman.MyiOSMessergerTests;
				PRODUCT_NAME = "$(TARGET_NAME)";
				SWIFT_EMIT_LOC_STRINGS = NO;
				SWIFT_VERSION = 5.0;
				TARGETED_DEVICE_FAMILY = "1,2";
				TEST_HOST = "$(BUILT_PRODUCTS_DIR)/MyiOSMesserger.app/$(BUNDLE_EXECUTABLE_FOLDER_PATH)/MyiOSMesserger";
			};
			name = Release;
		};
		1521E9292986DB6F00CBCD52 /* Debug */ = {
			isa = XCBuildConfiguration;
			buildSettings = {
				ALWAYS_EMBED_SWIFT_STANDARD_LIBRARIES = YES;
				CODE_SIGN_STYLE = Automatic;
				CURRENT_PROJECT_VERSION = 1;
				GENERATE_INFOPLIST_FILE = YES;
				MARKETING_VERSION = 1.0;
				PRODUCT_BUNDLE_IDENTIFIER = com.zaman.MyiOSMessergerUITests;
				PRODUCT_NAME = "$(TARGET_NAME)";
				SWIFT_EMIT_LOC_STRINGS = NO;
				SWIFT_VERSION = 5.0;
				TARGETED_DEVICE_FAMILY = "1,2";
				TEST_TARGET_NAME = MyiOSMesserger;
			};
			name = Debug;
		};
		1521E92A2986DB6F00CBCD52 /* Release */ = {
			isa = XCBuildConfiguration;
			buildSettings = {
				ALWAYS_EMBED_SWIFT_STANDARD_LIBRARIES = YES;
				CODE_SIGN_STYLE = Automatic;
				CURRENT_PROJECT_VERSION = 1;
				GENERATE_INFOPLIST_FILE = YES;
				MARKETING_VERSION = 1.0;
				PRODUCT_BUNDLE_IDENTIFIER = com.zaman.MyiOSMessergerUITests;
				PRODUCT_NAME = "$(TARGET_NAME)";
				SWIFT_EMIT_LOC_STRINGS = NO;
				SWIFT_VERSION = 5.0;
				TARGETED_DEVICE_FAMILY = "1,2";
				TEST_TARGET_NAME = MyiOSMesserger;
			};
			name = Release;
		};
/* End XCBuildConfiguration section */

/* Begin XCConfigurationList section */
		1521E8F32986DB6D00CBCD52 /* Build configuration list for PBXProject "MyiOSMesserger" */ = {
			isa = XCConfigurationList;
			buildConfigurations = (
				1521E9202986DB6F00CBCD52 /* Debug */,
				1521E9212986DB6F00CBCD52 /* Release */,
			);
			defaultConfigurationIsVisible = 0;
			defaultConfigurationName = Release;
		};
		1521E9222986DB6F00CBCD52 /* Build configuration list for PBXNativeTarget "MyiOSMesserger" */ = {
			isa = XCConfigurationList;
			buildConfigurations = (
				1521E9232986DB6F00CBCD52 /* Debug */,
				1521E9242986DB6F00CBCD52 /* Release */,
			);
			defaultConfigurationIsVisible = 0;
			defaultConfigurationName = Release;
		};
		1521E9252986DB6F00CBCD52 /* Build configuration list for PBXNativeTarget "MyiOSMessergerTests" */ = {
			isa = XCConfigurationList;
			buildConfigurations = (
				1521E9262986DB6F00CBCD52 /* Debug */,
				1521E9272986DB6F00CBCD52 /* Release */,
			);
			defaultConfigurationIsVisible = 0;
			defaultConfigurationName = Release;
		};
		1521E9282986DB6F00CBCD52 /* Build configuration list for PBXNativeTarget "MyiOSMessergerUITests" */ = {
			isa = XCConfigurationList;
			buildConfigurations = (
				1521E9292986DB6F00CBCD52 /* Debug */,
				1521E92A2986DB6F00CBCD52 /* Release */,
			);
			defaultConfigurationIsVisible = 0;
			defaultConfigurationName = Release;
		};
/* End XCConfigurationList section */
	};
	rootObject = 1521E8F02986DB6D00CBCD52 /* Project object */;
}
